
Microsoft Visual Studio Solution File, Format Version 12.00
# Visual Studio Version 17
VisualStudioVersion = 17.3.32929.385
MinimumVisualStudioVersion = 10.0.40219.1
Project("{FAE04EC0-301F-11D3-BF4B-00C04F79EFBC}") = "Vererbung", "Vererbung\Vererbung.csproj", "{7D7A9E70-1786-4ED3-921F-8DFB8CE052A4}"
EndProject
Global
	GlobalSection(SolutionConfigurationPlatforms) = preSolution
		Debug|Any CPU = Debug|Any CPU
		Release|Any CPU = Release|Any CPU
	EndGlobalSection
	GlobalSection(ProjectConfigurationPlatforms) = postSolution
		{7D7A9E70-1786-4ED3-921F-8DFB8CE052A4}.Debug|Any CPU.ActiveCfg = Debug|Any CPU
		{7D7A9E70-1786-4ED3-921F-8DFB8CE052A4}.Debug|Any CPU.Build.0 = Debug|Any CPU
		{7D7A9E70-1786-4ED3-921F-8DFB8CE052A4}.Release|Any CPU.ActiveCfg = Release|Any CPU
		{7D7A9E70-1786-4ED3-921F-8DFB8CE052A4}.Release|Any CPU.Build.0 = Release|Any CPU
	EndGlobalSection
	GlobalSection(SolutionProperties) = preSolution
		HideSolutionNode = FALSE
	EndGlobalSection
	GlobalSection(ExtensibilityGlobals) = postSolution
		SolutionGuid = {2F2BC59B-CFB2-4453-82D7-F901A0AD52F3}
	EndGlobalSection
EndGlobal
